{
  "version": 4,
  "terraform_version": "0.15.5",
  "serial": 202,
  "lineage": "b988e08a-b6a2-f9ac-ae55-2ded5f3c3581",
  "outputs": {},
  "resources": [
    {
      "mode": "managed",
      "type": "google_artifact_registry_repository",
      "name": "nginx-repo",
      "provider": "provider[\"registry.terraform.io/hashicorp/google-beta\"]",
      "instances": [
        {
          "schema_version": 0,
          "attributes": {
            "create_time": "2022-06-23T14:47:51.207710Z",
            "description": "",
            "format": "DOCKER",
            "id": "projects/develop-348618/locations/southamerica-east1/repositories/nginx-reppo",
            "kms_key_name": "",
            "labels": null,
            "location": "southamerica-east1",
            "maven_config": [],
            "name": "nginx-reppo",
            "project": "develop-348618",
            "repository_id": "nginx-reppo",
            "timeouts": null,
            "update_time": "2022-06-23T14:47:51.207710Z"
          },
          "sensitive_attributes": [],
          "private": "eyJlMmJmYjczMC1lY2FhLTExZTYtOGY4OC0zNDM2M2JjN2M0YzAiOnsiY3JlYXRlIjoxMjAwMDAwMDAwMDAwLCJkZWxldGUiOjEyMDAwMDAwMDAwMDAsInVwZGF0ZSI6MTIwMDAwMDAwMDAwMH19"
        }
      ]
    },
    {
      "mode": "managed",
      "type": "google_container_cluster",
      "name": "cluster-nginx",
      "provider": "provider[\"registry.terraform.io/hashicorp/google\"]",
      "instances": [
        {
          "schema_version": 1,
          "attributes": {
            "addons_config": [
              {
                "cloudrun_config": [],
                "gcp_filestore_csi_driver_config": [],
                "horizontal_pod_autoscaling": [],
                "http_load_balancing": [],
                "network_policy_config": [
                  {
                    "disabled": true
                  }
                ]
              }
            ],
            "authenticator_groups_config": [],
            "cluster_autoscaling": [
              {
                "auto_provisioning_defaults": [],
                "enabled": false,
                "resource_limits": []
              }
            ],
            "cluster_ipv4_cidr": "10.0.0.0/14",
            "confidential_nodes": [],
            "database_encryption": [
              {
                "key_name": "",
                "state": "DECRYPTED"
              }
            ],
            "datapath_provider": "",
            "default_max_pods_per_node": null,
            "default_snat_status": [
              {
                "disabled": false
              }
            ],
            "description": "",
            "dns_config": [],
            "enable_autopilot": false,
            "enable_binary_authorization": false,
            "enable_intranode_visibility": false,
            "enable_kubernetes_alpha": false,
            "enable_legacy_abac": false,
            "enable_shielded_nodes": true,
            "enable_tpu": false,
            "endpoint": "35.247.196.25",
            "id": "projects/develop-348618/locations/southamerica-east1-a/clusters/cluster-nginx",
            "initial_node_count": 2,
            "ip_allocation_policy": [],
            "label_fingerprint": "a9dc16a7",
            "location": "southamerica-east1-a",
            "logging_config": [
              {
                "enable_components": [
                  "SYSTEM_COMPONENTS",
                  "WORKLOADS"
                ]
              }
            ],
            "logging_service": "logging.googleapis.com/kubernetes",
            "maintenance_policy": [],
            "master_auth": [
              {
                "client_certificate": "",
                "client_certificate_config": [
                  {
                    "issue_client_certificate": false
                  }
                ],
                "client_key": "",
                "cluster_ca_certificate": "LS0tLS1CRUdJTiBDRVJUSUZJQ0FURS0tLS0tCk1JSUVMVENDQXBXZ0F3SUJBZ0lSQUlUbzFZdDZLUVB5eE1XYThuNWlPS2d3RFFZSktvWklodmNOQVFFTEJRQXcKTHpFdE1Dc0dBMVVFQXhNa1pUazVNVFUwTnpRdE5tTXhaaTAwTURFeExUZ3pOREF0TVRnM1l6azBZams1WWpNMwpNQ0FYRFRJeU1EWXlNekV6TkRjMU1Wb1lEekl3TlRJd05qRTFNVFEwTnpVeFdqQXZNUzB3S3dZRFZRUURFeVJsCk9Ua3hOVFEzTkMwMll6Rm1MVFF3TVRFdE9ETTBNQzB4T0Rkak9UUmlPVGxpTXpjd2dnR2lNQTBHQ1NxR1NJYjMKRFFFQkFRVUFBNElCandBd2dnR0tBb0lCZ1FDNmFqUGltNk5GanM1Q0ZtZDc2NEJPZDVjNStqMFpXQXZnSnZGUQpKZWwzTlVONFJOMUlFSlN2SWFPK1BZOWxmQW1vcWpDbnVEUVJtSk0rekJmeDFVT0pLRCtWTnhvRldHZWs3YUlyCno3WDFjN05xSHpscjArTUtFalNPd0huUmd2a2IzVURka0RvU0lDMG5FRWtmV0NjSnorOGI2ZHVQZDdqYWY3TzMKWS9MbUZMZy9LaitBdk5TeHgzQm9teUNvL3hRKzRjNVRhWS9sU2hkcCtaMEpzVWtWRUM1R1JWSjN6UStUY3F6cgpXRHRFVEd2V2c2YS9KOUlJTDlzY2FNQmM2eGh4eU10QU11QmtOdVI1aEs0dWIxaE83VmVBbFkxY3d3dEdnQTFpCjRkTW9tQ0JvOG4veGdscDRzQStNOSs2eWIvUWsrb2QwNGJVV2pzWnpjbStwOFMxRGl0eDFGU0lncUtSTVNMUEsKUW1qWHZNbEdERkl5Z3lPb0x1OENEK2NEK3VlL3hibEFEb3ZTTGxJeFdmYVB4ZGZYSFlFYWRFTjBqek1nVmlwOQpqQ2pheFBXbmRXL1g1L3Ewd2ZPOG1tcmhOcDhURGFTaUp3S1lNSlRUL0lHdFNKenNiSFJCcW95ZkxtUE1HcTRvCmk4cEpYNW0xY3ZsbXREOEt1ejZ3ZUdmUytka0NBd0VBQWFOQ01FQXdEZ1lEVlIwUEFRSC9CQVFEQWdJRU1BOEcKQTFVZEV3RUIvd1FGTUFNQkFmOHdIUVlEVlIwT0JCWUVGSi92RUNCdGtNajhxaGpMZ2ZzaXlUSk1PK2R0TUEwRwpDU3FHU0liM0RRRUJDd1VBQTRJQmdRQTd4Sm5BdlRQRUZKTEhLR3FCaTgvZGZTSUdVYlpRMkZoOE50c25HeSsvCmc1cXhBQ0l3SEEvWUtTWkE3VmFTUWF6L1I1bzdUSzcrbENEQ1BwUnhkYjR2cFZFUitPcUtTaDFBaHVJcyt3dUcKblpLUWhhSlJndlE1MERoZDd4MHRrYXNISWJzNWV0SDVTNU1sb0Z3QklpdGhiRHVFU2tpbitkc1IwWVJkc29HVwpNVzdrUU1nd1dsSGRQZjVNZWNBSUNOaTZKbytiVWcvaThOaVNxTkR1dDd1QjdSUjBnZkhFclA1RmF6VUR5TFpyClZ1VmNoR3EvRmlIeUU1ZWU5cTlwYVhuUDQ3K2FGRmt0U3JkS3VmekFVaTdYVWlYbUxzRGdheDJuVDcxQnV4V3IKYTQxYkQxaW1HeHUxS1Fsd2swQWFMNUtrWW1nbFBpancvejJOaWlNamlkbEU0bzA4dWdxR0VXeWwzYXBkYzUrOApzdEtqckNVVE53Z210VTVDQktHNTBjQitVLzlzb0kwRE43RWdWL1FITUdrdDkxS3pNdW50MWU4cjNoOE5pNXl6CkJMdjhxTzhOc2hrVTFsamVPajduSW5CbkU5ZzVLSk9rOGlqMzMxUkdVNWVmSEphTkx3cHp1dnlqbFdkaVB4RlgKOUlXQnR1Ry9NL3dRNXozaW5yOTdTYW89Ci0tLS0tRU5EIENFUlRJRklDQVRFLS0tLS0K"
              }
            ],
            "master_authorized_networks_config": [],
            "master_version": "1.22.8-gke.202",
            "min_master_version": null,
            "monitoring_config": [
              {
                "enable_components": [
                  "SYSTEM_COMPONENTS"
                ]
              }
            ],
            "monitoring_service": "monitoring.googleapis.com/kubernetes",
            "name": "cluster-nginx",
            "network": "projects/develop-348618/global/networks/default",
            "network_policy": [
              {
                "enabled": false,
                "provider": "PROVIDER_UNSPECIFIED"
              }
            ],
            "networking_mode": "ROUTES",
            "node_config": [],
            "node_locations": [],
            "node_pool": [],
            "node_version": "1.22.8-gke.202",
            "operation": null,
            "private_cluster_config": [],
            "private_ipv6_google_access": "",
            "project": "develop-348618",
            "release_channel": [
              {
                "channel": "REGULAR"
              }
            ],
            "remove_default_node_pool": true,
            "resource_labels": null,
            "resource_usage_export_config": [],
            "self_link": "https://container.googleapis.com/v1/projects/develop-348618/zones/southamerica-east1-a/clusters/cluster-nginx",
            "services_ipv4_cidr": "10.3.240.0/20",
            "subnetwork": "projects/develop-348618/regions/southamerica-east1/subnetworks/default",
            "timeouts": null,
            "tpu_ipv4_cidr_block": "",
            "vertical_pod_autoscaling": [],
            "workload_identity_config": []
          },
          "sensitive_attributes": [],
          "private": "eyJlMmJmYjczMC1lY2FhLTExZTYtOGY4OC0zNDM2M2JjN2M0YzAiOnsiY3JlYXRlIjoyNDAwMDAwMDAwMDAwLCJkZWxldGUiOjI0MDAwMDAwMDAwMDAsInJlYWQiOjI0MDAwMDAwMDAwMDAsInVwZGF0ZSI6MzYwMDAwMDAwMDAwMH0sInNjaGVtYV92ZXJzaW9uIjoiMSJ9"
        }
      ]
    },
    {
      "mode": "managed",
      "type": "google_container_node_pool",
      "name": "node-pool-nginx",
      "provider": "provider[\"registry.terraform.io/hashicorp/google\"]",
      "instances": [
        {
          "schema_version": 1,
          "attributes": {
            "autoscaling": [],
            "cluster": "cluster-nginx",
            "id": "projects/develop-348618/locations/southamerica-east1-a/clusters/cluster-nginx/nodePools/node-pool-nginx",
            "initial_node_count": 0,
            "instance_group_urls": [
              "https://www.googleapis.com/compute/v1/projects/develop-348618/zones/southamerica-east1-a/instanceGroupManagers/gke-cluster-nginx-node-pool-nginx-c03fb315-grp"
            ],
            "location": "southamerica-east1-a",
            "managed_instance_group_urls": [
              "https://www.googleapis.com/compute/v1/projects/develop-348618/zones/southamerica-east1-a/instanceGroups/gke-cluster-nginx-node-pool-nginx-c03fb315-grp"
            ],
            "management": [
              {
                "auto_repair": true,
                "auto_upgrade": true
              }
            ],
            "max_pods_per_node": null,
            "name": "node-pool-nginx",
            "name_prefix": "",
            "node_config": [
              {
                "boot_disk_kms_key": "",
                "disk_size_gb": 100,
                "disk_type": "pd-standard",
                "gcfs_config": [],
                "guest_accelerator": [],
                "gvnic": [],
                "image_type": "COS_CONTAINERD",
                "labels": {},
                "local_ssd_count": 0,
                "machine_type": "n2-highcpu-4",
                "metadata": {
                  "disable-legacy-endpoints": "true"
                },
                "min_cpu_platform": "",
                "node_group": "",
                "oauth_scopes": [
                  "https://www.googleapis.com/auth/cloud-platform"
                ],
                "preemptible": true,
                "service_account": "default",
                "shielded_instance_config": [
                  {
                    "enable_integrity_monitoring": true,
                    "enable_secure_boot": false
                  }
                ],
                "spot": false,
                "tags": null,
                "taint": [],
                "workload_metadata_config": []
              }
            ],
            "node_count": 0,
            "node_locations": [
              "southamerica-east1-a"
            ],
            "operation": null,
            "project": "develop-348618",
            "timeouts": null,
            "upgrade_settings": [
              {
                "max_surge": 1,
                "max_unavailable": 0
              }
            ],
            "version": "1.22.8-gke.202"
          },
          "sensitive_attributes": [],
          "private": "eyJlMmJmYjczMC1lY2FhLTExZTYtOGY4OC0zNDM2M2JjN2M0YzAiOnsiY3JlYXRlIjoxODAwMDAwMDAwMDAwLCJkZWxldGUiOjE4MDAwMDAwMDAwMDAsInVwZGF0ZSI6MTgwMDAwMDAwMDAwMH0sInNjaGVtYV92ZXJzaW9uIjoiMSJ9",
          "dependencies": [
            "google_container_cluster.cluster-nginx"
          ]
        }
      ]
    },
    {
      "mode": "managed",
      "type": "null_resource",
      "name": "nginx-docker-image",
      "provider": "provider[\"registry.terraform.io/hashicorp/null\"]",
      "instances": [
        {
          "schema_version": 0,
          "attributes": {
            "id": "4618039794647058658",
            "triggers": null
          },
          "sensitive_attributes": [],
          "private": "bnVsbA==",
          "dependencies": [
            "google_artifact_registry_repository.nginx-repo"
          ]
        }
      ]
    }
  ]
}
