{
  "version": 4,
  "terraform_version": "0.15.5",
  "serial": 112,
  "lineage": "b988e08a-b6a2-f9ac-ae55-2ded5f3c3581",
  "outputs": {},
  "resources": [
    {
      "mode": "managed",
      "type": "google_artifact_registry_repository",
      "name": "nginx-repo",
      "provider": "provider[\"registry.terraform.io/hashicorp/google-beta\"]",
      "instances": [
        {
          "schema_version": 0,
          "attributes": {
            "create_time": "2022-06-22T13:45:06.223274Z",
            "description": "",
            "format": "DOCKER",
            "id": "projects/develop-348618/locations/southamerica-east1/repositories/nginx-reppo",
            "kms_key_name": "",
            "labels": null,
            "location": "southamerica-east1",
            "maven_config": [],
            "name": "nginx-reppo",
            "project": "develop-348618",
            "repository_id": "nginx-reppo",
            "timeouts": null,
            "update_time": "2022-06-22T13:45:06.223274Z"
          },
          "sensitive_attributes": [],
          "private": "eyJlMmJmYjczMC1lY2FhLTExZTYtOGY4OC0zNDM2M2JjN2M0YzAiOnsiY3JlYXRlIjoxMjAwMDAwMDAwMDAwLCJkZWxldGUiOjEyMDAwMDAwMDAwMDAsInVwZGF0ZSI6MTIwMDAwMDAwMDAwMH19"
        }
      ]
    },
    {
      "mode": "managed",
      "type": "google_container_cluster",
      "name": "cluster-nginx",
      "provider": "provider[\"registry.terraform.io/hashicorp/google\"]",
      "instances": [
        {
          "schema_version": 1,
          "attributes": {
            "addons_config": [
              {
                "cloudrun_config": [],
                "gcp_filestore_csi_driver_config": [],
                "horizontal_pod_autoscaling": [],
                "http_load_balancing": [],
                "network_policy_config": [
                  {
                    "disabled": true
                  }
                ]
              }
            ],
            "authenticator_groups_config": [],
            "cluster_autoscaling": [
              {
                "auto_provisioning_defaults": [],
                "enabled": false,
                "resource_limits": []
              }
            ],
            "cluster_ipv4_cidr": "10.0.0.0/14",
            "confidential_nodes": [],
            "database_encryption": [
              {
                "key_name": "",
                "state": "DECRYPTED"
              }
            ],
            "datapath_provider": "",
            "default_max_pods_per_node": null,
            "default_snat_status": [
              {
                "disabled": false
              }
            ],
            "description": "",
            "dns_config": [],
            "enable_autopilot": false,
            "enable_binary_authorization": false,
            "enable_intranode_visibility": false,
            "enable_kubernetes_alpha": false,
            "enable_legacy_abac": false,
            "enable_shielded_nodes": true,
            "enable_tpu": false,
            "endpoint": "35.198.53.107",
            "id": "projects/develop-348618/locations/southamerica-east1-a/clusters/cluster-nginx",
            "initial_node_count": 2,
            "ip_allocation_policy": [],
            "label_fingerprint": "a9dc16a7",
            "location": "southamerica-east1-a",
            "logging_config": [
              {
                "enable_components": [
                  "SYSTEM_COMPONENTS",
                  "WORKLOADS"
                ]
              }
            ],
            "logging_service": "logging.googleapis.com/kubernetes",
            "maintenance_policy": [],
            "master_auth": [
              {
                "client_certificate": "",
                "client_certificate_config": [
                  {
                    "issue_client_certificate": false
                  }
                ],
                "client_key": "",
                "cluster_ca_certificate": "LS0tLS1CRUdJTiBDRVJUSUZJQ0FURS0tLS0tCk1JSUVMRENDQXBTZ0F3SUJBZ0lRYXdSdjFZVWdCYUdqdEh3Q1FnT00xekFOQmdrcWhraUc5dzBCQVFzRkFEQXYKTVMwd0t3WURWUVFERXlSaU4ySTVOV1V3T0MwMlpEWXhMVFExWXpjdFlUY3dOeTFoWXprMVpqWTROREJtTVdRdwpJQmNOTWpJd05qSXlNVEkwTlRBMldoZ1BNakExTWpBMk1UUXhNelExTURaYU1DOHhMVEFyQmdOVkJBTVRKR0kzCllqazFaVEE0TFRaa05qRXRORFZqTnkxaE56QTNMV0ZqT1RWbU5qZzBNR1l4WkRDQ0FhSXdEUVlKS29aSWh2Y04KQVFFQkJRQURnZ0dQQURDQ0FZb0NnZ0dCQUk3d1pJSEJ1dlBDektRdmsyNHRydGF1YzNDbkMyRUtBT05EMllBdApNdDZuaG5TeHVTdVNNeklHZ0dlQ1JFaU8vRDEyb2hQTUxhTzVJby9nWTcwdDIvWCtqcWlwRFcveVJUanNGNTBkCklteGpjdUF2TW5abVBNZENKRlpGci91N3A2M0MzNHN3MGlVZHlaZVR3enY3RXUxaTdKWE42aXNGaUJaa1pDQ28KS0paclhyZkhORVA1c2NqVno3Sm5kQWhTSHozR1ZVZzlGdWNqbGZmZHhuS0hzSzFhMTBLR0huRU0vV3VINzJaMQpYdmxDb0lvdVRHY0pVY1lIR1JLZ2YrcmVaUjRRVmRrSCt5VFRhVU9ZK0kwbzdoVUpQRlFVSEdHWkRpQmlkWEM2Cm1qek9FSFE3SnE1bGhXbWw0YzkxOTJxUS9mdUlqZlZNVDJ5emtNZjcvOUc5dFFCY3VLRzBVcVRaVFZDZ1hUVzAKT1pOT0hhV1YwR2pSOWZkMWg3WVVUTGVyWGNqZ0tVMjhtbU5aOUl0NFpZeXdGWmh1SFBGaGtCRnI0UTh6Nk5DMApnYnZubVp6dmVxYTNpQ3NrK0U4WWorWEsrVi84UTRDQmxHNy9XRGVjczVDajNpSVlZSUhla01OY3kxVTlpSFFVCjE1alFoaFFucjF6RmhGZXFma3pDNXd5OWVRSURBUUFCbzBJd1FEQU9CZ05WSFE4QkFmOEVCQU1DQWdRd0R3WUQKVlIwVEFRSC9CQVV3QXdFQi96QWRCZ05WSFE0RUZnUVU0MklLMTR1K3B5aXdqaTVFZHJWUWJYYVYreE13RFFZSgpLb1pJaHZjTkFRRUxCUUFEZ2dHQkFCK3FpRkJrNFpneng2a2huWTM2VWlwLy9XLzg0TGw3RldDbE5VOFVLUW1QCk5tZzFQTUcxZmdrdFdYY2hOalVTWVF6QUtNNVI0YldhV2p2Szl3aWhjWnAxTHgzY3k5bEZFN1hGNmZSMGQ2UzEKY3JVdWYxOS9NNW91OVlwcDVFblV3YlRIenR6bDVwaVM3SUdvNUhOQmtuclcxRlc5QXNkL3ZabVFBcXlxY2RSRgpSb2l6Sk9tdzFGcjJYTC9jZEcrWU16Q0V3aFpHTVB1alpFTlYyVCtuQUhNSENUWVltaDg3ZGRNR2lONnphZWE0CmV5NVFCcGVWTW5CQU13MW1WNDZXMzMzMHBJSWE2R0szd0lrc2Q2QXdBSk1xbXNGOWd4T0JTQkxwTVBJVzM3VTkKSlluOGR2cGkzbUQySUlJaXFvSHNvUjFWVnpQd29FMENweVJDaVRhVjBodXdobHpWUGdkdHFEdXpHc1lyUHN2RApob0N0aXFCcXQ5U0VKZGtIK245a1RMbk9LUmZUdmtiWTBPcHl0NTE0U21RZm9FSm9WTC9hL0FxeEVBVEg4RldWCmdhUStsSWJvbXBoTjBodHNCRVBGN0RjRU9kY2VuYW1mbE9IcG1uTFNVcit4TzRyVnZYdVRzTWlra3FVM2lOTSsKc0FCYjlnQXh3MFRiYllDK2h2QTE4QT09Ci0tLS0tRU5EIENFUlRJRklDQVRFLS0tLS0K"
              }
            ],
            "master_authorized_networks_config": [],
            "master_version": "1.22.8-gke.202",
            "min_master_version": null,
            "monitoring_config": [
              {
                "enable_components": [
                  "SYSTEM_COMPONENTS"
                ]
              }
            ],
            "monitoring_service": "monitoring.googleapis.com/kubernetes",
            "name": "cluster-nginx",
            "network": "projects/develop-348618/global/networks/default",
            "network_policy": [
              {
                "enabled": false,
                "provider": "PROVIDER_UNSPECIFIED"
              }
            ],
            "networking_mode": "ROUTES",
            "node_config": [],
            "node_locations": [],
            "node_pool": [],
            "node_version": "1.22.8-gke.202",
            "operation": null,
            "private_cluster_config": [],
            "private_ipv6_google_access": "",
            "project": "develop-348618",
            "release_channel": [
              {
                "channel": "REGULAR"
              }
            ],
            "remove_default_node_pool": true,
            "resource_labels": null,
            "resource_usage_export_config": [],
            "self_link": "https://container.googleapis.com/v1/projects/develop-348618/zones/southamerica-east1-a/clusters/cluster-nginx",
            "services_ipv4_cidr": "10.3.240.0/20",
            "subnetwork": "projects/develop-348618/regions/southamerica-east1/subnetworks/default",
            "timeouts": null,
            "tpu_ipv4_cidr_block": "",
            "vertical_pod_autoscaling": [],
            "workload_identity_config": []
          },
          "sensitive_attributes": [],
          "private": "eyJlMmJmYjczMC1lY2FhLTExZTYtOGY4OC0zNDM2M2JjN2M0YzAiOnsiY3JlYXRlIjoyNDAwMDAwMDAwMDAwLCJkZWxldGUiOjI0MDAwMDAwMDAwMDAsInJlYWQiOjI0MDAwMDAwMDAwMDAsInVwZGF0ZSI6MzYwMDAwMDAwMDAwMH0sInNjaGVtYV92ZXJzaW9uIjoiMSJ9"
        }
      ]
    },
    {
      "mode": "managed",
      "type": "google_container_node_pool",
      "name": "node-pool-nginx",
      "provider": "provider[\"registry.terraform.io/hashicorp/google\"]",
      "instances": [
        {
          "schema_version": 1,
          "attributes": {
            "autoscaling": [],
            "cluster": "cluster-nginx",
            "id": "projects/develop-348618/locations/southamerica-east1-a/clusters/cluster-nginx/nodePools/node-pool-nginx",
            "initial_node_count": 0,
            "instance_group_urls": [
              "https://www.googleapis.com/compute/v1/projects/develop-348618/zones/southamerica-east1-a/instanceGroupManagers/gke-cluster-nginx-node-pool-nginx-9ea7e772-grp"
            ],
            "location": "southamerica-east1-a",
            "managed_instance_group_urls": [
              "https://www.googleapis.com/compute/v1/projects/develop-348618/zones/southamerica-east1-a/instanceGroups/gke-cluster-nginx-node-pool-nginx-9ea7e772-grp"
            ],
            "management": [
              {
                "auto_repair": true,
                "auto_upgrade": true
              }
            ],
            "max_pods_per_node": null,
            "name": "node-pool-nginx",
            "name_prefix": "",
            "node_config": [
              {
                "boot_disk_kms_key": "",
                "disk_size_gb": 100,
                "disk_type": "pd-standard",
                "gcfs_config": [],
                "guest_accelerator": [],
                "gvnic": [],
                "image_type": "COS_CONTAINERD",
                "labels": {},
                "local_ssd_count": 0,
                "machine_type": "n2-highcpu-4",
                "metadata": {
                  "disable-legacy-endpoints": "true"
                },
                "min_cpu_platform": "",
                "node_group": "",
                "oauth_scopes": [
                  "https://www.googleapis.com/auth/cloud-platform"
                ],
                "preemptible": true,
                "service_account": "default",
                "shielded_instance_config": [
                  {
                    "enable_integrity_monitoring": true,
                    "enable_secure_boot": false
                  }
                ],
                "spot": false,
                "tags": null,
                "taint": [],
                "workload_metadata_config": []
              }
            ],
            "node_count": 0,
            "node_locations": [
              "southamerica-east1-a"
            ],
            "operation": null,
            "project": "develop-348618",
            "timeouts": null,
            "upgrade_settings": [
              {
                "max_surge": 1,
                "max_unavailable": 0
              }
            ],
            "version": "1.22.8-gke.202"
          },
          "sensitive_attributes": [],
          "private": "eyJlMmJmYjczMC1lY2FhLTExZTYtOGY4OC0zNDM2M2JjN2M0YzAiOnsiY3JlYXRlIjoxODAwMDAwMDAwMDAwLCJkZWxldGUiOjE4MDAwMDAwMDAwMDAsInVwZGF0ZSI6MTgwMDAwMDAwMDAwMH0sInNjaGVtYV92ZXJzaW9uIjoiMSJ9",
          "dependencies": [
            "google_container_cluster.cluster-nginx"
          ]
        }
      ]
    },
    {
      "mode": "managed",
      "type": "null_resource",
      "name": "nginx-docker-image",
      "provider": "provider[\"registry.terraform.io/hashicorp/null\"]",
      "instances": [
        {
          "schema_version": 0,
          "attributes": {
            "id": "7352674240395731836",
            "triggers": null
          },
          "sensitive_attributes": [],
          "private": "bnVsbA==",
          "dependencies": [
            "google_artifact_registry_repository.nginx-repo"
          ]
        }
      ]
    }
  ]
}
