{
  "version": 4,
  "terraform_version": "0.15.5",
  "serial": 53,
  "lineage": "4f84b67e-a318-d7cf-909c-4c3fe8501ae9",
  "outputs": {},
  "resources": [
    {
      "mode": "data",
      "type": "google_client_config",
      "name": "provider",
      "provider": "provider[\"registry.terraform.io/hashicorp/google\"]",
      "instances": [
        {
          "schema_version": 0,
          "attributes": {
            "access_token": "ya29.c.b0AXv0zTOYbdGfoJgfCYT_-4brOWEtldDEKqFyi1E2arI3O3VRgt3-w0AUGNvPNpQ3bOtVNetgce92dXjvZhPpWFDbt2SrBeXYcS8IPmCHZEplJFH6vdAmHvQUhyeLQgpFx4BO0z4_P7aourhKTfaS14MagbP0ysrds5MFeDeYwc0S1oHzF645whRHci8tBFdLSwrNkqyds_d9KcZUTFqU3SLczuXPhy6Y.......................................................................................................................................................................................................................................................................................................................................................................................................................................................................................................................................................................................................................................................................................................................................................................................................................",
            "id": "projects/develop-348618/regions/southamerica-east1/zones/",
            "project": "develop-348618",
            "region": "southamerica-east1",
            "zone": ""
          },
          "sensitive_attributes": []
        }
      ]
    },
    {
      "mode": "managed",
      "type": "google_artifact_registry_repository",
      "name": "nginx-repo",
      "provider": "provider[\"registry.terraform.io/hashicorp/google-beta\"]",
      "instances": [
        {
          "schema_version": 0,
          "attributes": {
            "create_time": "2022-06-24T19:59:09.301249Z",
            "description": "",
            "format": "DOCKER",
            "id": "projects/develop-348618/locations/southamerica-east1/repositories/nginx-reppo",
            "kms_key_name": "",
            "labels": null,
            "location": "southamerica-east1",
            "maven_config": [],
            "name": "nginx-reppo",
            "project": "develop-348618",
            "repository_id": "nginx-reppo",
            "timeouts": null,
            "update_time": "2022-06-24T19:59:09.301249Z"
          },
          "sensitive_attributes": [],
          "private": "eyJlMmJmYjczMC1lY2FhLTExZTYtOGY4OC0zNDM2M2JjN2M0YzAiOnsiY3JlYXRlIjoxMjAwMDAwMDAwMDAwLCJkZWxldGUiOjEyMDAwMDAwMDAwMDAsInVwZGF0ZSI6MTIwMDAwMDAwMDAwMH19"
        }
      ]
    },
    {
      "mode": "managed",
      "type": "google_container_cluster",
      "name": "cluster-nginx",
      "provider": "provider[\"registry.terraform.io/hashicorp/google\"]",
      "instances": [
        {
          "schema_version": 1,
          "attributes": {
            "addons_config": [
              {
                "cloudrun_config": [],
                "gcp_filestore_csi_driver_config": [],
                "horizontal_pod_autoscaling": [],
                "http_load_balancing": [],
                "network_policy_config": [
                  {
                    "disabled": true
                  }
                ]
              }
            ],
            "authenticator_groups_config": [],
            "cluster_autoscaling": [
              {
                "auto_provisioning_defaults": [],
                "enabled": false,
                "resource_limits": []
              }
            ],
            "cluster_ipv4_cidr": "10.0.0.0/14",
            "confidential_nodes": [],
            "database_encryption": [
              {
                "key_name": "",
                "state": "DECRYPTED"
              }
            ],
            "datapath_provider": "",
            "default_max_pods_per_node": null,
            "default_snat_status": [
              {
                "disabled": false
              }
            ],
            "description": "",
            "dns_config": [],
            "enable_autopilot": false,
            "enable_binary_authorization": false,
            "enable_intranode_visibility": false,
            "enable_kubernetes_alpha": false,
            "enable_legacy_abac": false,
            "enable_shielded_nodes": true,
            "enable_tpu": false,
            "endpoint": "34.95.181.84",
            "id": "projects/develop-348618/locations/southamerica-east1-a/clusters/cluster-nginx",
            "initial_node_count": 3,
            "ip_allocation_policy": [],
            "label_fingerprint": "a9dc16a7",
            "location": "southamerica-east1-a",
            "logging_config": [
              {
                "enable_components": [
                  "SYSTEM_COMPONENTS",
                  "WORKLOADS"
                ]
              }
            ],
            "logging_service": "logging.googleapis.com/kubernetes",
            "maintenance_policy": [],
            "master_auth": [
              {
                "client_certificate": "",
                "client_certificate_config": [
                  {
                    "issue_client_certificate": false
                  }
                ],
                "client_key": "",
                "cluster_ca_certificate": "LS0tLS1CRUdJTiBDRVJUSUZJQ0FURS0tLS0tCk1JSUVMRENDQXBTZ0F3SUJBZ0lRQ01aR3ZCZ0hGOE96TDUvZkF3N0hZREFOQmdrcWhraUc5dzBCQVFzRkFEQXYKTVMwd0t3WURWUVFERXlSak5UUXhNR0pqWWkwMU1UQTNMVFEyTXpNdFlUTXpNUzFqT1dOaE1UWTVObUZpWVRRdwpJQmNOTWpJd05qSTBNVGcxT1RBNVdoZ1BNakExTWpBMk1UWXhPVFU1TURsYU1DOHhMVEFyQmdOVkJBTVRKR00xCk5ERXdZbU5pTFRVeE1EY3RORFl6TXkxaE16TXhMV001WTJFeE5qazJZV0poTkRDQ0FhSXdEUVlKS29aSWh2Y04KQVFFQkJRQURnZ0dQQURDQ0FZb0NnZ0dCQUtIaXFEbWtLU1BDcW8zNExscDlJbktUbjg4S1hTYzZkbUxWTWF4ZQpUMW55RndMNGFJRFlabXlEbGhJWEdpbm9mV1JTNnEzNERqdzVjcG16YjVOV3d6bnZOQTZLakVITUFwOFphN1QxCmxQaDJaUm9jNzU3ZnNBandEM3FQSXhTZE5VYXNYYlJKYWJCeklmQXNvUmhwKzlDbzhWZW5SZDVHdWdHTlNIdlQKUmNVeGs4eGJRRmRMUkJNdkljeXdFeXRLbUtLQWsvaktOTGZlY3JHcjJqbGVqVnFrOHIvS2piVTliMmc3RG9ZeApiQ0tvR2VOaWU3VHIwT0xmekRMMlNtdFI3K1ZaMHYwVDFpMDBCOVBKekdOc3RtTFFxTFFVYUpNVzd3OWs3Z3JtCmg2VVZDc1BzZ3NzWmNwZVhTcy9IcTh1K2ZlU25Hc3EwaHR5QTF0allJNlUyVUhXYVB6eEVNcDZrZjFhcG9lY0oKeE55Yng3MTFkSm9XNWV2aDg5OWs5VldPdy9ieWlNWlpNQ1AxaUlxeHRPVjZzMHR4WThjbVVJWVlDb0tyT2xWcgovYXVRRTBUay9sUkkyNExGWHJBWE5SbFhJM2FKQjA1eUdZWndEUit5NXFIY2k3aFF5SnJ1ZStTSHdSNUFYVnlxCndsYktYd09vYURjeXhlT1Q2amFSRFM5VFh3SURBUUFCbzBJd1FEQU9CZ05WSFE4QkFmOEVCQU1DQWdRd0R3WUQKVlIwVEFRSC9CQVV3QXdFQi96QWRCZ05WSFE0RUZnUVVjcFE4aWdCZlMwY09XeFc3VENScEkweWxkYkV3RFFZSgpLb1pJaHZjTkFRRUxCUUFEZ2dHQkFGODQzeC8vMFgxOGd4ZWdOLzVUVzMyRUhZOEQ1VEhqQlpmbHRORC8raVh5CmJuUWtJanNEYzFtWStxL2N2M0tCUUZZTCtSRzNmMnh0TVRWcGNLQTJpckdXZGRBTmEwMm12dm1kZjViOEd4cmUKelZtNmQvS2hVeG5NNVgzdUhRNWdibXd3eStISjArdWdYclZIdk4ycjhOZ0dGdjRyZ2hTYWhzdjBCSUJGYk80NQpXZktTc2pacGhaUUVGenVrV2F2Ykc5THpkbHQ5aGpkTldOY2V5eHVBQ3BNZGhpVXh0WExPS3REODdwVVFZODBJCnNTSTBCaDNHaTYrV09PZ2RWMG9lQVZxRCtjZTBsRW02c1RwR2I0TDlXNkZsaDVkUEgwT3BmYkJ1VjN5bnplemQKNGpkcWsyWGducERhTkR4cmlwb0NsVVdlMFRUOUp5SWpocHpWbnJwaWMyWlBkQXNlZHpiWmFOZFQvL3pzM1dlVgpWd2plZVRzVWNrOHBKblU0QVJXeml6bVhVeG1nWVUwU2cvN2VOQm03OU4zb3VpU1lXR21YRzk3QTJZSDB6M3dsClZmN3MxaE80T2xnTEJzaGo0UjJrdVVRWWFYVTQ0NEdITWV5bUF4OVVWWWxrWnVmaEpxZHlhckJWNE5LUUxUNUwKcWJjZ1ZlN2lJZGNVazQ1QjlaN2ZNQT09Ci0tLS0tRU5EIENFUlRJRklDQVRFLS0tLS0K"
              }
            ],
            "master_authorized_networks_config": [],
            "master_version": "1.22.8-gke.202",
            "min_master_version": null,
            "monitoring_config": [
              {
                "enable_components": [
                  "SYSTEM_COMPONENTS"
                ]
              }
            ],
            "monitoring_service": "monitoring.googleapis.com/kubernetes",
            "name": "cluster-nginx",
            "network": "projects/develop-348618/global/networks/default",
            "network_policy": [
              {
                "enabled": false,
                "provider": "PROVIDER_UNSPECIFIED"
              }
            ],
            "networking_mode": "ROUTES",
            "node_config": [],
            "node_locations": [],
            "node_pool": [],
            "node_version": "1.22.8-gke.202",
            "operation": null,
            "private_cluster_config": [],
            "private_ipv6_google_access": "",
            "project": "develop-348618",
            "release_channel": [
              {
                "channel": "REGULAR"
              }
            ],
            "remove_default_node_pool": true,
            "resource_labels": null,
            "resource_usage_export_config": [],
            "self_link": "https://container.googleapis.com/v1/projects/develop-348618/zones/southamerica-east1-a/clusters/cluster-nginx",
            "services_ipv4_cidr": "10.3.240.0/20",
            "subnetwork": "projects/develop-348618/regions/southamerica-east1/subnetworks/default",
            "timeouts": null,
            "tpu_ipv4_cidr_block": "",
            "vertical_pod_autoscaling": [],
            "workload_identity_config": []
          },
          "sensitive_attributes": [],
          "private": "eyJlMmJmYjczMC1lY2FhLTExZTYtOGY4OC0zNDM2M2JjN2M0YzAiOnsiY3JlYXRlIjoyNDAwMDAwMDAwMDAwLCJkZWxldGUiOjI0MDAwMDAwMDAwMDAsInJlYWQiOjI0MDAwMDAwMDAwMDAsInVwZGF0ZSI6MzYwMDAwMDAwMDAwMH0sInNjaGVtYV92ZXJzaW9uIjoiMSJ9"
        }
      ]
    },
    {
      "mode": "managed",
      "type": "google_container_node_pool",
      "name": "node-pool-nginx",
      "provider": "provider[\"registry.terraform.io/hashicorp/google\"]",
      "instances": [
        {
          "schema_version": 1,
          "attributes": {
            "autoscaling": [],
            "cluster": "cluster-nginx",
            "id": "projects/develop-348618/locations/southamerica-east1-a/clusters/cluster-nginx/nodePools/node-pool-nginx",
            "initial_node_count": 0,
            "instance_group_urls": [
              "https://www.googleapis.com/compute/v1/projects/develop-348618/zones/southamerica-east1-a/instanceGroupManagers/gke-cluster-nginx-node-pool-nginx-992011b8-grp"
            ],
            "location": "southamerica-east1-a",
            "managed_instance_group_urls": [
              "https://www.googleapis.com/compute/v1/projects/develop-348618/zones/southamerica-east1-a/instanceGroups/gke-cluster-nginx-node-pool-nginx-992011b8-grp"
            ],
            "management": [
              {
                "auto_repair": true,
                "auto_upgrade": true
              }
            ],
            "max_pods_per_node": null,
            "name": "node-pool-nginx",
            "name_prefix": "",
            "node_config": [
              {
                "boot_disk_kms_key": "",
                "disk_size_gb": 100,
                "disk_type": "pd-standard",
                "gcfs_config": [],
                "guest_accelerator": [],
                "gvnic": [],
                "image_type": "COS_CONTAINERD",
                "labels": {},
                "local_ssd_count": 0,
                "machine_type": "e2-micro",
                "metadata": {
                  "disable-legacy-endpoints": "true"
                },
                "min_cpu_platform": "",
                "node_group": "",
                "oauth_scopes": [
                  "https://www.googleapis.com/auth/cloud-platform"
                ],
                "preemptible": true,
                "service_account": "default",
                "shielded_instance_config": [
                  {
                    "enable_integrity_monitoring": true,
                    "enable_secure_boot": false
                  }
                ],
                "spot": false,
                "tags": null,
                "taint": [],
                "workload_metadata_config": []
              }
            ],
            "node_count": 0,
            "node_locations": [
              "southamerica-east1-a"
            ],
            "operation": null,
            "project": "develop-348618",
            "timeouts": null,
            "upgrade_settings": [
              {
                "max_surge": 1,
                "max_unavailable": 0
              }
            ],
            "version": "1.22.8-gke.202"
          },
          "sensitive_attributes": [],
          "private": "eyJlMmJmYjczMC1lY2FhLTExZTYtOGY4OC0zNDM2M2JjN2M0YzAiOnsiY3JlYXRlIjoxODAwMDAwMDAwMDAwLCJkZWxldGUiOjE4MDAwMDAwMDAwMDAsInVwZGF0ZSI6MTgwMDAwMDAwMDAwMH0sInNjaGVtYV92ZXJzaW9uIjoiMSJ9",
          "dependencies": [
            "google_container_cluster.cluster-nginx"
          ]
        }
      ]
    },
    {
      "mode": "managed",
      "type": "kubernetes_deployment",
      "name": "nginx-deployment",
      "provider": "provider[\"registry.terraform.io/hashicorp/kubernetes\"]",
      "instances": [
        {
          "status": "tainted",
          "schema_version": 1,
          "attributes": {
            "id": "default/nginx-deployment",
            "metadata": [
              {
                "annotations": null,
                "generate_name": "",
                "generation": 0,
                "labels": {
                  "run": "nginx-test"
                },
                "name": "nginx-deployment",
                "namespace": "default",
                "resource_version": "",
                "uid": ""
              }
            ],
            "spec": [
              {
                "min_ready_seconds": 0,
                "paused": false,
                "progress_deadline_seconds": 600,
                "replicas": "3",
                "revision_history_limit": 10,
                "selector": [
                  {
                    "match_expressions": [],
                    "match_labels": {
                      "run": "nginx-test"
                    }
                  }
                ],
                "strategy": [
                  {
                    "rolling_update": [
                      {
                        "max_surge": "3",
                        "max_unavailable": "0"
                      }
                    ],
                    "type": "RollingUpdate"
                  }
                ],
                "template": [
                  {
                    "metadata": [
                      {
                        "annotations": null,
                        "generate_name": "",
                        "generation": 0,
                        "labels": {
                          "run": "nginx-test"
                        },
                        "name": "",
                        "namespace": "",
                        "resource_version": "",
                        "uid": ""
                      }
                    ],
                    "spec": [
                      {
                        "active_deadline_seconds": 0,
                        "affinity": [],
                        "automount_service_account_token": true,
                        "container": [
                          {
                            "args": null,
                            "command": null,
                            "env": [],
                            "env_from": [],
                            "image": "southamerica-east1-docker.pkg.dev/develop-348618/nginx-reppo/guisousa/nginx-hello-world:latest",
                            "image_pull_policy": "",
                            "lifecycle": [],
                            "liveness_probe": [],
                            "name": "nginx-test",
                            "port": [
                              {
                                "container_port": 80,
                                "host_ip": "",
                                "host_port": 0,
                                "name": "",
                                "protocol": "TCP"
                              }
                            ],
                            "readiness_probe": [],
                            "resources": [],
                            "security_context": [],
                            "startup_probe": [],
                            "stdin": false,
                            "stdin_once": false,
                            "termination_message_path": "/dev/termination-log",
                            "termination_message_policy": "",
                            "tty": false,
                            "volume_mount": [],
                            "working_dir": ""
                          }
                        ],
                        "dns_config": [],
                        "dns_policy": "ClusterFirst",
                        "enable_service_links": true,
                        "host_aliases": [],
                        "host_ipc": false,
                        "host_network": false,
                        "host_pid": false,
                        "hostname": "",
                        "image_pull_secrets": [],
                        "init_container": [],
                        "node_name": "",
                        "node_selector": null,
                        "priority_class_name": "",
                        "readiness_gate": [],
                        "restart_policy": "Always",
                        "security_context": [],
                        "service_account_name": "",
                        "share_process_namespace": false,
                        "subdomain": "",
                        "termination_grace_period_seconds": 30,
                        "toleration": [],
                        "topology_spread_constraint": [],
                        "volume": []
                      }
                    ]
                  }
                ]
              }
            ],
            "timeouts": null,
            "wait_for_rollout": true
          },
          "sensitive_attributes": [],
          "private": "eyJlMmJmYjczMC1lY2FhLTExZTYtOGY4OC0zNDM2M2JjN2M0YzAiOnsiY3JlYXRlIjo2MDAwMDAwMDAwMDAsImRlbGV0ZSI6NjAwMDAwMDAwMDAwLCJ1cGRhdGUiOjYwMDAwMDAwMDAwMH0sInNjaGVtYV92ZXJzaW9uIjoiMSJ9",
          "dependencies": [
            "data.google_client_config.provider",
            "google_container_cluster.cluster-nginx",
            "google_container_node_pool.node-pool-nginx"
          ]
        }
      ]
    },
    {
      "mode": "managed",
      "type": "null_resource",
      "name": "nginx-docker-image",
      "provider": "provider[\"registry.terraform.io/hashicorp/null\"]",
      "instances": [
        {
          "schema_version": 0,
          "attributes": {
            "id": "8844091665442627763",
            "triggers": null
          },
          "sensitive_attributes": [],
          "private": "bnVsbA==",
          "dependencies": [
            "google_artifact_registry_repository.nginx-repo"
          ]
        }
      ]
    }
  ]
}
