{
  "version": 4,
  "terraform_version": "0.15.5",
  "serial": 83,
  "lineage": "4f84b67e-a318-d7cf-909c-4c3fe8501ae9",
  "outputs": {
    "url-app": {
      "value": "http://35.247.219.201",
      "type": "string"
    }
  },
  "resources": [
    {
      "mode": "data",
      "type": "google_client_config",
      "name": "provider",
      "provider": "provider[\"registry.terraform.io/hashicorp/google\"]",
      "instances": [
        {
          "schema_version": 0,
          "attributes": {
            "access_token": "ya29.c.b0AXv0zTNoszxPgKB6WfqSNUx6yLitlpBiO6ypqavmotpWfXECBVOf44ApADKtkoGyhA67J2jM5SJpMIfZf7HarS-li7R6ty_Rfav7nONrOAJYoNs8aHjWwU-sqkK7xPTADYfbSwiBBPadKvXgmVloBOCjwn3k6uryVOnJUQAzDd7YPCYADAnBM8RI-AyzFttXoxwLIQIhgCVqUMWCFcTTNj-sMtbjpdvF.......................................................................................................................................................................................................................................................................................................................................................................................................................................................................................................................................................................................................................................................................................................................................................................................................................",
            "id": "projects/develop-348618/regions/southamerica-east1/zones/",
            "project": "develop-348618",
            "region": "southamerica-east1",
            "zone": ""
          },
          "sensitive_attributes": []
        }
      ]
    },
    {
      "mode": "managed",
      "type": "google_artifact_registry_repository",
      "name": "nginx-repo",
      "provider": "provider[\"registry.terraform.io/hashicorp/google-beta\"]",
      "instances": [
        {
          "schema_version": 0,
          "attributes": {
            "create_time": "2022-06-24T21:05:44.539968Z",
            "description": "",
            "format": "DOCKER",
            "id": "projects/develop-348618/locations/southamerica-east1/repositories/nginx-reppo",
            "kms_key_name": "",
            "labels": null,
            "location": "southamerica-east1",
            "maven_config": [],
            "name": "nginx-reppo",
            "project": "develop-348618",
            "repository_id": "nginx-reppo",
            "timeouts": null,
            "update_time": "2022-06-24T21:05:44.539968Z"
          },
          "sensitive_attributes": [],
          "private": "eyJlMmJmYjczMC1lY2FhLTExZTYtOGY4OC0zNDM2M2JjN2M0YzAiOnsiY3JlYXRlIjoxMjAwMDAwMDAwMDAwLCJkZWxldGUiOjEyMDAwMDAwMDAwMDAsInVwZGF0ZSI6MTIwMDAwMDAwMDAwMH19"
        }
      ]
    },
    {
      "mode": "managed",
      "type": "google_compute_address",
      "name": "nginx-lb-ip",
      "provider": "provider[\"registry.terraform.io/hashicorp/google\"]",
      "instances": [
        {
          "schema_version": 0,
          "attributes": {
            "address": "35.247.219.201",
            "address_type": "EXTERNAL",
            "creation_timestamp": "2022-06-24T14:05:44.103-07:00",
            "description": "",
            "id": "projects/develop-348618/regions/southamerica-east1/addresses/nginx-lb-ip",
            "name": "nginx-lb-ip",
            "network": "",
            "network_tier": "PREMIUM",
            "prefix_length": 0,
            "project": "develop-348618",
            "purpose": "",
            "region": "southamerica-east1",
            "self_link": "https://www.googleapis.com/compute/v1/projects/develop-348618/regions/southamerica-east1/addresses/nginx-lb-ip",
            "subnetwork": "",
            "timeouts": null,
            "users": []
          },
          "sensitive_attributes": [],
          "private": "eyJlMmJmYjczMC1lY2FhLTExZTYtOGY4OC0zNDM2M2JjN2M0YzAiOnsiY3JlYXRlIjoxMjAwMDAwMDAwMDAwLCJkZWxldGUiOjEyMDAwMDAwMDAwMDB9fQ=="
        }
      ]
    },
    {
      "mode": "managed",
      "type": "google_container_cluster",
      "name": "cluster-nginx",
      "provider": "provider[\"registry.terraform.io/hashicorp/google\"]",
      "instances": [
        {
          "schema_version": 1,
          "attributes": {
            "addons_config": [
              {
                "cloudrun_config": [],
                "gcp_filestore_csi_driver_config": [],
                "horizontal_pod_autoscaling": [],
                "http_load_balancing": [],
                "network_policy_config": [
                  {
                    "disabled": true
                  }
                ]
              }
            ],
            "authenticator_groups_config": [],
            "cluster_autoscaling": [
              {
                "auto_provisioning_defaults": [],
                "enabled": false,
                "resource_limits": []
              }
            ],
            "cluster_ipv4_cidr": "10.0.0.0/14",
            "confidential_nodes": [],
            "database_encryption": [
              {
                "key_name": "",
                "state": "DECRYPTED"
              }
            ],
            "datapath_provider": "",
            "default_max_pods_per_node": null,
            "default_snat_status": [
              {
                "disabled": false
              }
            ],
            "description": "",
            "dns_config": [],
            "enable_autopilot": false,
            "enable_binary_authorization": false,
            "enable_intranode_visibility": false,
            "enable_kubernetes_alpha": false,
            "enable_legacy_abac": false,
            "enable_shielded_nodes": true,
            "enable_tpu": false,
            "endpoint": "35.199.97.208",
            "id": "projects/develop-348618/locations/southamerica-east1-a/clusters/cluster-nginx",
            "initial_node_count": 3,
            "ip_allocation_policy": [],
            "label_fingerprint": "a9dc16a7",
            "location": "southamerica-east1-a",
            "logging_config": [
              {
                "enable_components": [
                  "SYSTEM_COMPONENTS",
                  "WORKLOADS"
                ]
              }
            ],
            "logging_service": "logging.googleapis.com/kubernetes",
            "maintenance_policy": [],
            "master_auth": [
              {
                "client_certificate": "",
                "client_certificate_config": [
                  {
                    "issue_client_certificate": false
                  }
                ],
                "client_key": "",
                "cluster_ca_certificate": "LS0tLS1CRUdJTiBDRVJUSUZJQ0FURS0tLS0tCk1JSUVMVENDQXBXZ0F3SUJBZ0lSQU4xbTNmMXZkSjZMYTh6S0VscGJTVUF3RFFZSktvWklodmNOQVFFTEJRQXcKTHpFdE1Dc0dBMVVFQXhNa1lUQTJNRFpqWlRRdE9Ua3paUzAwTVRObUxUaGhaamN0TWpWaFlXSTJOalJsT0dRegpNQ0FYRFRJeU1EWXlOREl3TURVME5Gb1lEekl3TlRJd05qRTJNakV3TlRRMFdqQXZNUzB3S3dZRFZRUURFeVJoCk1EWXdObU5sTkMwNU9UTmxMVFF4TTJZdE9HRm1OeTB5TldGaFlqWTJOR1U0WkRNd2dnR2lNQTBHQ1NxR1NJYjMKRFFFQkFRVUFBNElCandBd2dnR0tBb0lCZ1FDcTI0R3N2aGJLUm9RNis3dmlHVWw1MnluWkxiNFlRUVVRNm1IWAoxcFJZSlZ1cE5TWlUzOEdaT0pCUWFaNU5nVVY3Q0loRTBLdEJTNHViZndWUGdzTi84UnB6MXNadm1QaTY2WFFRCkU3aUIvMzVaWFlGcFFBeUF4Ykd2YkxPOHgwUWt3d2RyMDNRcmtHNjNCQlEwZlZpaEtiUTlJbzh5Nm95ZHp5Mk4KQzNDS3FZYytuRFJ6THR6NVcwcExDc1VhMGdFK2g4blNoa25lZFZmak9lLyt1V0w3WFN3TkV5eGQ0L1ZhTmZZeQpibnFHZTRWNWxPZVlySXZJQWl3TnFlN1dCamZPb28vRkVtRTZmeHZDQld0bXFPa3ZpaWNsMUZvOWNwMFY3bTk4CnJsY1A3ZWF6ZXoyeU9VSkt2cVQvT0ZsNUNMZkR3eVl0c2daNUtsZHpmemN3Y3UrdXJYdHBPdnpQZmRTeFIzK04KYWh4Z2pFWWx1VkNaYmwrSFdjNkpzazFHRjg1cXptY2EvR0d3OWVXYm9jRTRmelBCZEdLWTdVY3RLY3RXaEtDWQozZWpZK0FoV24yZzJMYWJGTTQxRURZek9Da29ycDdweXZUb2JwdUthNEM4YVlraUpGWllGZXowNTVlRC8vTDNnCjlJZ0U3TC9vY1BHbXprMUVqUFdTS0p5dkkrMENBd0VBQWFOQ01FQXdEZ1lEVlIwUEFRSC9CQVFEQWdJRU1BOEcKQTFVZEV3RUIvd1FGTUFNQkFmOHdIUVlEVlIwT0JCWUVGRk5hTnE4MjhiQUVub1NzRGVCbmVHU29sRWdsTUEwRwpDU3FHU0liM0RRRUJDd1VBQTRJQmdRQkJ6UkFvVzFPNGJWQnpFT1lYeWJ1dmZ4WEMxbW95NFJNdFQxTUx5QlZaCkZ4OTV3Ykd4cVQrd0pFNUVEM3ZKK3YzQnFGR3Vyek1icGVUT0Jhb1VFeFplR1c1cTZjUU9iallOVEl4RDJLdm8KdFF5RUtxWFF5VUhpMms3ZjhmRTEyeS9DOXlzbVUvbU40VlF6WkRvZkJjZXFwNncrZHlNeUFZdGVQTVJWeFA1WgpRWVk0dXRYVEI1M3JKbzAyMFkxcC9Wdll2aGxHQ0hteUlnMEhmQUl2K1RONlp4K1Q3bTllaDhXV3V1S3BYc1VFCkY1dUI2NUFyajRKU1FSMDhTUEhtMWJwVGpVblZWYkJoODNGWWw4Y2plSnliMmVDSTJHMlprdUtMS3FZNlNRRUkKQ0R0VGd4WVBtVTBESmtGZ0N6dzZ2cXhlRFZCbXIzWnE5MVVNa2RobVd5V3k0UEpHMk15NmFoaHVlZk5QOXFPawpyWjU4QW5OOGIzeW1nZEU0Rkhwai9kQklMTzM2bCsxaFp1L3dpQ0ZiUkhjN2FvM0VnV2gycFdmdytzNXZqOEpPClJHTG9Hc2NHYWxGc3FVaytqcUJKZThsczhHaU95cGtKTEtEWXd4cDZFN01ydDg0Ty9xSGdvbUFtd21mcC9qS0UKLzJyTjI4U2N0bVdERUpFY255SUpIVVE9Ci0tLS0tRU5EIENFUlRJRklDQVRFLS0tLS0K"
              }
            ],
            "master_authorized_networks_config": [],
            "master_version": "1.22.8-gke.202",
            "min_master_version": null,
            "monitoring_config": [
              {
                "enable_components": [
                  "SYSTEM_COMPONENTS"
                ]
              }
            ],
            "monitoring_service": "monitoring.googleapis.com/kubernetes",
            "name": "cluster-nginx",
            "network": "projects/develop-348618/global/networks/default",
            "network_policy": [
              {
                "enabled": false,
                "provider": "PROVIDER_UNSPECIFIED"
              }
            ],
            "networking_mode": "ROUTES",
            "node_config": [
              {
                "boot_disk_kms_key": "",
                "disk_size_gb": 100,
                "disk_type": "pd-standard",
                "gcfs_config": [],
                "guest_accelerator": [],
                "gvnic": [],
                "image_type": "COS_CONTAINERD",
                "labels": {},
                "local_ssd_count": 0,
                "machine_type": "e2-medium",
                "metadata": {
                  "disable-legacy-endpoints": "true"
                },
                "min_cpu_platform": "",
                "node_group": "",
                "oauth_scopes": [
                  "https://www.googleapis.com/auth/devstorage.read_only",
                  "https://www.googleapis.com/auth/logging.write",
                  "https://www.googleapis.com/auth/monitoring",
                  "https://www.googleapis.com/auth/service.management.readonly",
                  "https://www.googleapis.com/auth/servicecontrol",
                  "https://www.googleapis.com/auth/trace.append"
                ],
                "preemptible": false,
                "service_account": "default",
                "shielded_instance_config": [
                  {
                    "enable_integrity_monitoring": true,
                    "enable_secure_boot": false
                  }
                ],
                "spot": false,
                "tags": [],
                "taint": [],
                "workload_metadata_config": []
              }
            ],
            "node_locations": [],
            "node_pool": [
              {
                "autoscaling": [],
                "initial_node_count": 3,
                "instance_group_urls": [
                  "https://www.googleapis.com/compute/v1/projects/develop-348618/zones/southamerica-east1-a/instanceGroupManagers/gke-cluster-nginx-default-pool-ed82d260-grp"
                ],
                "managed_instance_group_urls": [
                  "https://www.googleapis.com/compute/v1/projects/develop-348618/zones/southamerica-east1-a/instanceGroups/gke-cluster-nginx-default-pool-ed82d260-grp"
                ],
                "management": [
                  {
                    "auto_repair": true,
                    "auto_upgrade": true
                  }
                ],
                "max_pods_per_node": 0,
                "name": "default-pool",
                "name_prefix": "",
                "node_config": [
                  {
                    "boot_disk_kms_key": "",
                    "disk_size_gb": 100,
                    "disk_type": "pd-standard",
                    "gcfs_config": [],
                    "guest_accelerator": [],
                    "gvnic": [],
                    "image_type": "COS_CONTAINERD",
                    "labels": {},
                    "local_ssd_count": 0,
                    "machine_type": "e2-medium",
                    "metadata": {
                      "disable-legacy-endpoints": "true"
                    },
                    "min_cpu_platform": "",
                    "node_group": "",
                    "oauth_scopes": [
                      "https://www.googleapis.com/auth/devstorage.read_only",
                      "https://www.googleapis.com/auth/logging.write",
                      "https://www.googleapis.com/auth/monitoring",
                      "https://www.googleapis.com/auth/service.management.readonly",
                      "https://www.googleapis.com/auth/servicecontrol",
                      "https://www.googleapis.com/auth/trace.append"
                    ],
                    "preemptible": false,
                    "service_account": "default",
                    "shielded_instance_config": [
                      {
                        "enable_integrity_monitoring": true,
                        "enable_secure_boot": false
                      }
                    ],
                    "spot": false,
                    "tags": [],
                    "taint": [],
                    "workload_metadata_config": []
                  }
                ],
                "node_count": 3,
                "node_locations": [
                  "southamerica-east1-a"
                ],
                "upgrade_settings": [
                  {
                    "max_surge": 1,
                    "max_unavailable": 0
                  }
                ],
                "version": "1.22.8-gke.202"
              }
            ],
            "node_version": "1.22.8-gke.202",
            "operation": null,
            "private_cluster_config": [],
            "private_ipv6_google_access": "",
            "project": "develop-348618",
            "release_channel": [
              {
                "channel": "REGULAR"
              }
            ],
            "remove_default_node_pool": null,
            "resource_labels": null,
            "resource_usage_export_config": [],
            "self_link": "https://container.googleapis.com/v1/projects/develop-348618/zones/southamerica-east1-a/clusters/cluster-nginx",
            "services_ipv4_cidr": "10.3.240.0/20",
            "subnetwork": "projects/develop-348618/regions/southamerica-east1/subnetworks/default",
            "timeouts": null,
            "tpu_ipv4_cidr_block": "",
            "vertical_pod_autoscaling": [],
            "workload_identity_config": []
          },
          "sensitive_attributes": [],
          "private": "eyJlMmJmYjczMC1lY2FhLTExZTYtOGY4OC0zNDM2M2JjN2M0YzAiOnsiY3JlYXRlIjoyNDAwMDAwMDAwMDAwLCJkZWxldGUiOjI0MDAwMDAwMDAwMDAsInJlYWQiOjI0MDAwMDAwMDAwMDAsInVwZGF0ZSI6MzYwMDAwMDAwMDAwMH0sInNjaGVtYV92ZXJzaW9uIjoiMSJ9"
        }
      ]
    },
    {
      "mode": "managed",
      "type": "google_container_node_pool",
      "name": "node-pool-nginx",
      "provider": "provider[\"registry.terraform.io/hashicorp/google\"]",
      "instances": [
        {
          "schema_version": 1,
          "attributes": {
            "autoscaling": [],
            "cluster": "cluster-nginx",
            "id": "projects/develop-348618/locations/southamerica-east1-a/clusters/cluster-nginx/nodePools/node-pool-nginx",
            "initial_node_count": 0,
            "instance_group_urls": [
              "https://www.googleapis.com/compute/v1/projects/develop-348618/zones/southamerica-east1-a/instanceGroupManagers/gke-cluster-nginx-node-pool-nginx-d0b9fa99-grp"
            ],
            "location": "southamerica-east1-a",
            "managed_instance_group_urls": [
              "https://www.googleapis.com/compute/v1/projects/develop-348618/zones/southamerica-east1-a/instanceGroups/gke-cluster-nginx-node-pool-nginx-d0b9fa99-grp"
            ],
            "management": [
              {
                "auto_repair": true,
                "auto_upgrade": true
              }
            ],
            "max_pods_per_node": null,
            "name": "node-pool-nginx",
            "name_prefix": "",
            "node_config": [
              {
                "boot_disk_kms_key": "",
                "disk_size_gb": 100,
                "disk_type": "pd-standard",
                "gcfs_config": [],
                "guest_accelerator": [],
                "gvnic": [],
                "image_type": "COS_CONTAINERD",
                "labels": {},
                "local_ssd_count": 0,
                "machine_type": "e2-micro",
                "metadata": {
                  "disable-legacy-endpoints": "true"
                },
                "min_cpu_platform": "",
                "node_group": "",
                "oauth_scopes": [
                  "https://www.googleapis.com/auth/cloud-platform"
                ],
                "preemptible": true,
                "service_account": "default",
                "shielded_instance_config": [
                  {
                    "enable_integrity_monitoring": true,
                    "enable_secure_boot": false
                  }
                ],
                "spot": false,
                "tags": null,
                "taint": [],
                "workload_metadata_config": []
              }
            ],
            "node_count": 0,
            "node_locations": [
              "southamerica-east1-a"
            ],
            "operation": null,
            "project": "develop-348618",
            "timeouts": null,
            "upgrade_settings": [
              {
                "max_surge": 1,
                "max_unavailable": 0
              }
            ],
            "version": "1.22.8-gke.202"
          },
          "sensitive_attributes": [],
          "private": "eyJlMmJmYjczMC1lY2FhLTExZTYtOGY4OC0zNDM2M2JjN2M0YzAiOnsiY3JlYXRlIjoxODAwMDAwMDAwMDAwLCJkZWxldGUiOjE4MDAwMDAwMDAwMDAsInVwZGF0ZSI6MTgwMDAwMDAwMDAwMH0sInNjaGVtYV92ZXJzaW9uIjoiMSJ9",
          "dependencies": [
            "google_container_cluster.cluster-nginx"
          ]
        }
      ]
    },
    {
      "mode": "managed",
      "type": "kubernetes_deployment",
      "name": "nginx-deployment",
      "provider": "provider[\"registry.terraform.io/hashicorp/kubernetes\"]",
      "instances": [
        {
          "schema_version": 1,
          "attributes": {
            "id": "default/nginx-deployment",
            "metadata": [
              {
                "annotations": null,
                "generate_name": "",
                "generation": 1,
                "labels": {
                  "run": "nginx-test"
                },
                "name": "nginx-deployment",
                "namespace": "default",
                "resource_version": "1584",
                "uid": "75fec222-a54f-4e5a-9e24-baa3394318c9"
              }
            ],
            "spec": [
              {
                "min_ready_seconds": 0,
                "paused": false,
                "progress_deadline_seconds": 600,
                "replicas": "3",
                "revision_history_limit": 10,
                "selector": [
                  {
                    "match_expressions": [],
                    "match_labels": {
                      "run": "nginx-test"
                    }
                  }
                ],
                "strategy": [
                  {
                    "rolling_update": [
                      {
                        "max_surge": "3",
                        "max_unavailable": "0"
                      }
                    ],
                    "type": "RollingUpdate"
                  }
                ],
                "template": [
                  {
                    "metadata": [
                      {
                        "annotations": null,
                        "generate_name": "",
                        "generation": 0,
                        "labels": {
                          "run": "nginx-test"
                        },
                        "name": "",
                        "namespace": "",
                        "resource_version": "",
                        "uid": ""
                      }
                    ],
                    "spec": [
                      {
                        "active_deadline_seconds": 0,
                        "affinity": [],
                        "automount_service_account_token": true,
                        "container": [
                          {
                            "args": null,
                            "command": null,
                            "env": [],
                            "env_from": [],
                            "image": "southamerica-east1-docker.pkg.dev/develop-348618/nginx-reppo/guisousa/nginx-hello-world:latest",
                            "image_pull_policy": "Always",
                            "lifecycle": [],
                            "liveness_probe": [],
                            "name": "nginx-test",
                            "port": [
                              {
                                "container_port": 80,
                                "host_ip": "",
                                "host_port": 0,
                                "name": "",
                                "protocol": "TCP"
                              }
                            ],
                            "readiness_probe": [],
                            "resources": [
                              {
                                "limits": null,
                                "requests": null
                              }
                            ],
                            "security_context": [],
                            "startup_probe": [],
                            "stdin": false,
                            "stdin_once": false,
                            "termination_message_path": "/dev/termination-log",
                            "termination_message_policy": "File",
                            "tty": false,
                            "volume_mount": [],
                            "working_dir": ""
                          }
                        ],
                        "dns_config": [],
                        "dns_policy": "ClusterFirst",
                        "enable_service_links": true,
                        "host_aliases": [],
                        "host_ipc": false,
                        "host_network": false,
                        "host_pid": false,
                        "hostname": "",
                        "image_pull_secrets": [],
                        "init_container": [],
                        "node_name": "",
                        "node_selector": null,
                        "priority_class_name": "",
                        "readiness_gate": [],
                        "restart_policy": "Always",
                        "security_context": [],
                        "service_account_name": "",
                        "share_process_namespace": false,
                        "subdomain": "",
                        "termination_grace_period_seconds": 30,
                        "toleration": [],
                        "topology_spread_constraint": [],
                        "volume": []
                      }
                    ]
                  }
                ]
              }
            ],
            "timeouts": null,
            "wait_for_rollout": true
          },
          "sensitive_attributes": [],
          "private": "eyJlMmJmYjczMC1lY2FhLTExZTYtOGY4OC0zNDM2M2JjN2M0YzAiOnsiY3JlYXRlIjo2MDAwMDAwMDAwMDAsImRlbGV0ZSI6NjAwMDAwMDAwMDAwLCJ1cGRhdGUiOjYwMDAwMDAwMDAwMH0sInNjaGVtYV92ZXJzaW9uIjoiMSJ9",
          "dependencies": [
            "data.google_client_config.provider",
            "google_container_cluster.cluster-nginx",
            "google_container_node_pool.node-pool-nginx"
          ]
        }
      ]
    },
    {
      "mode": "managed",
      "type": "kubernetes_service_v1",
      "name": "nginx-lb",
      "provider": "provider[\"registry.terraform.io/hashicorp/kubernetes\"]",
      "instances": [
        {
          "schema_version": 1,
          "attributes": {
            "id": "default/nginx-lb",
            "metadata": [
              {
                "annotations": null,
                "generate_name": "",
                "generation": 0,
                "labels": {
                  "run": "nginx-test"
                },
                "name": "nginx-lb",
                "namespace": "default",
                "resource_version": "2053",
                "uid": "0a781753-637d-4452-8acc-334cafb3e00c"
              }
            ],
            "spec": [
              {
                "cluster_ip": "10.3.252.22",
                "external_ips": null,
                "external_name": "",
                "external_traffic_policy": "Cluster",
                "health_check_node_port": 0,
                "ip_families": [
                  "IPv4"
                ],
                "ip_family_policy": "SingleStack",
                "load_balancer_ip": "",
                "load_balancer_source_ranges": null,
                "port": [
                  {
                    "app_protocol": "",
                    "name": "",
                    "node_port": 32462,
                    "port": 80,
                    "protocol": "TCP",
                    "target_port": "80"
                  }
                ],
                "publish_not_ready_addresses": false,
                "selector": {
                  "run": "nginx-test"
                },
                "session_affinity": "None",
                "type": "LoadBalancer"
              }
            ],
            "status": [
              {
                "load_balancer": [
                  {
                    "ingress": [
                      {
                        "hostname": "",
                        "ip": "34.151.195.157"
                      }
                    ]
                  }
                ]
              }
            ],
            "timeouts": null,
            "wait_for_load_balancer": true
          },
          "sensitive_attributes": [],
          "private": "eyJlMmJmYjczMC1lY2FhLTExZTYtOGY4OC0zNDM2M2JjN2M0YzAiOnsiY3JlYXRlIjo2MDAwMDAwMDAwMDB9LCJzY2hlbWFfdmVyc2lvbiI6IjEifQ==",
          "dependencies": [
            "data.google_client_config.provider",
            "google_container_cluster.cluster-nginx",
            "google_container_node_pool.node-pool-nginx",
            "kubernetes_deployment.nginx-deployment"
          ]
        }
      ]
    },
    {
      "mode": "managed",
      "type": "null_resource",
      "name": "nginx-docker-image",
      "provider": "provider[\"registry.terraform.io/hashicorp/null\"]",
      "instances": [
        {
          "schema_version": 0,
          "attributes": {
            "id": "300136961635533058",
            "triggers": null
          },
          "sensitive_attributes": [],
          "private": "bnVsbA==",
          "dependencies": [
            "google_artifact_registry_repository.nginx-repo"
          ]
        }
      ]
    }
  ]
}
